
Microsoft Visual Studio Solution File, Format Version 12.00
# Visual Studio Version 18
VisualStudioVersion = 18.6.11806.211 stable
MinimumVisualStudioVersion = 10.0.40219.1
Project("{FAE04EC0-301F-11D3-BF4B-00C04F79EFBC}") = "Macro", "Macro.csproj", "{846B9401-C50A-AB1D-D3FA-849561EB8C18}"
EndProject
Global
	GlobalSection(SolutionConfigurationPlatforms) = preSolution
		Debug|Any CPU = Debug|Any CPU
		Release|Any CPU = Release|Any CPU
	EndGlobalSection
	GlobalSection(ProjectConfigurationPlatforms) = postSolution
		{846B9401-C50A-AB1D-D3FA-849561EB8C18}.Debug|Any CPU.ActiveCfg = Debug|Any CPU
		{846B9401-C50A-AB1D-D3FA-849561EB8C18}.Debug|Any CPU.Build.0 = Debug|Any CPU
		{846B9401-C50A-AB1D-D3FA-849561EB8C18}.Release|Any CPU.ActiveCfg = Release|Any CPU
		{846B9401-C50A-AB1D-D3FA-849561EB8C18}.Release|Any CPU.Build.0 = Release|Any CPU
	EndGlobalSection
	GlobalSection(SolutionProperties) = preSolution
		HideSolutionNode = FALSE
	EndGlobalSection
	GlobalSection(ExtensibilityGlobals) = postSolution
		SolutionGuid = {336D92C2-04DB-4A91-90E7-3EB1DDFBE6D5}
	EndGlobalSection
EndGlobal
